
Microsoft Visual Studio Solution File, Format Version 12.00
# Visual Studio Version 17
VisualStudioVersion = 17.6.33829.357
MinimumVisualStudioVersion = 10.0.40219.1
Project("{FAE04EC0-301F-11D3-BF4B-00C04F79EFBC}") = "CricketInformation", "M6_C8_P1\CricketInformation.csproj", "{4EAB187B-05C3-4787-9E1B-26D1F398DAD9}"
EndProject
Global
	GlobalSection(SolutionConfigurationPlatforms) = preSolution
		Debug|Any CPU = Debug|Any CPU
		Release|Any CPU = Release|Any CPU
	EndGlobalSection
	GlobalSection(ProjectConfigurationPlatforms) = postSolution
		{4EAB187B-05C3-4787-9E1B-26D1F398DAD9}.Debug|Any CPU.ActiveCfg = Debug|Any CPU
		{4EAB187B-05C3-4787-9E1B-26D1F398DAD9}.Debug|Any CPU.Build.0 = Debug|Any CPU
		{4EAB187B-05C3-4787-9E1B-26D1F398DAD9}.Release|Any CPU.ActiveCfg = Release|Any CPU
		{4EAB187B-05C3-4787-9E1B-26D1F398DAD9}.Release|Any CPU.Build.0 = Release|Any CPU
	EndGlobalSection
	GlobalSection(SolutionProperties) = preSolution
		HideSolutionNode = FALSE
	EndGlobalSection
	GlobalSection(ExtensibilityGlobals) = postSolution
		SolutionGuid = {0ADF8746-2904-4E8A-A365-FD8C58F46BCA}
	EndGlobalSection
EndGlobal
